
Microsoft Visual Studio Solution File, Format Version 12.00
# Visual Studio 2012
Project("{FAE04EC0-301F-11D3-BF4B-00C04F79EFBC}") = "SoundCloud.API.Client", "SoundCloud.API.Client\SoundCloud.API.Client.csproj", "{68EEC79E-D687-4A1E-AB6A-D6A0F5FD804C}"
EndProject
Project("{FAE04EC0-301F-11D3-BF4B-00C04F79EFBC}") = "SoundCloud.API.Client.Test", "SoundCloud.API.Client.Test\SoundCloud.API.Client.Test.csproj", "{261DBBF1-7735-47D8-8BE0-E64592D64325}"
EndProject
Global
	GlobalSection(SolutionConfigurationPlatforms) = preSolution
		Debug|Any CPU = Debug|Any CPU
		Release|Any CPU = Release|Any CPU
	EndGlobalSection
	GlobalSection(ProjectConfigurationPlatforms) = postSolution
		{68EEC79E-D687-4A1E-AB6A-D6A0F5FD804C}.Debug|Any CPU.ActiveCfg = Debug|Any CPU
		{68EEC79E-D687-4A1E-AB6A-D6A0F5FD804C}.Debug|Any CPU.Build.0 = Debug|Any CPU
		{68EEC79E-D687-4A1E-AB6A-D6A0F5FD804C}.Release|Any CPU.ActiveCfg = Release|Any CPU
		{68EEC79E-D687-4A1E-AB6A-D6A0F5FD804C}.Release|Any CPU.Build.0 = Release|Any CPU
		{261DBBF1-7735-47D8-8BE0-E64592D64325}.Debug|Any CPU.ActiveCfg = Debug|Any CPU
		{261DBBF1-7735-47D8-8BE0-E64592D64325}.Debug|Any CPU.Build.0 = Debug|Any CPU
		{261DBBF1-7735-47D8-8BE0-E64592D64325}.Release|Any CPU.ActiveCfg = Release|Any CPU
		{261DBBF1-7735-47D8-8BE0-E64592D64325}.Release|Any CPU.Build.0 = Release|Any CPU
	EndGlobalSection
	GlobalSection(SolutionProperties) = preSolution
		HideSolutionNode = FALSE
	EndGlobalSection
EndGlobal
